
Microsoft Visual Studio Solution File, Format Version 12.00
# Visual Studio Version 17
VisualStudioVersion = 17.10.35230.96
MinimumVisualStudioVersion = 10.0.40219.1
Project("{9A19103F-16F7-4668-BE54-9A1E7A4F7556}") = "01. USDtoBGN", "01. USDtoBGN\01. USDtoBGN.csproj", "{C79AFE12-62AC-47CB-AB53-9CA10EEA37F7}"
EndProject
Project("{9A19103F-16F7-4668-BE54-9A1E7A4F7556}") = "02.RadiansToDegrees", "02.RadiansToDegrees\02.RadiansToDegrees.csproj", "{E4E3218D-F46D-4E42-8C27-C919208768B7}"
EndProject
Project("{9A19103F-16F7-4668-BE54-9A1E7A4F7556}") = "03.DepositCalculator", "03.DepositCalculator\03.DepositCalculator.csproj", "{4C3AC9BD-8B34-41BA-A688-24FEAAC62D33}"
EndProject
Project("{2150E333-8FDC-42A3-9474-1A3956D46DE8}") = "Solution Items", "Solution Items", "{35E4951E-9106-40C0-BE94-1421CD8ABA9D}"
	ProjectSection(SolutionItems) = preProject
		RadiansToDegrees.cs = RadiansToDegrees.cs
	EndProjectSection
EndProject
Project("{FAE04EC0-301F-11D3-BF4B-00C04F79EFBC}") = "04.vacantinBooksList", "04.vacantinBooksList\04.vacantinBooksList.csproj", "{94F5531A-5824-4566-AD59-39FFB8A97EA9}"
EndProject
Project("{FAE04EC0-301F-11D3-BF4B-00C04F79EFBC}") = "05.suppliesForSchool", "05.suppliesForSchool\05.suppliesForSchool.csproj", "{6EE486FF-E855-46D0-88E7-5A28FCB82E8B}"
EndProject
Project("{FAE04EC0-301F-11D3-BF4B-00C04F79EFBC}") = "06.repainting", "06.repainting\06.repainting.csproj", "{047E5E95-1BA2-41DE-980C-F0895DED4882}"
EndProject
Project("{FAE04EC0-301F-11D3-BF4B-00C04F79EFBC}") = "07.foodDelivery", "07.foodDelivery\07.foodDelivery.csproj", "{E6343F7C-92BA-4CE7-8AE1-318B8CC3BE63}"
EndProject
Project("{FAE04EC0-301F-11D3-BF4B-00C04F79EFBC}") = "08.basketballEquipment", "08.basketballEquipment\08.basketballEquipment.csproj", "{2387E66C-BC1E-4912-8DB4-5A90DE4FF8E7}"
EndProject
Project("{FAE04EC0-301F-11D3-BF4B-00C04F79EFBC}") = "09.fishTank", "09.fishTank\09.fishTank.csproj", "{E0CD80A2-C3F6-42F4-9C3A-FEC5B3362E6F}"
EndProject
Global
	GlobalSection(SolutionConfigurationPlatforms) = preSolution
		Debug|Any CPU = Debug|Any CPU
		Release|Any CPU = Release|Any CPU
	EndGlobalSection
	GlobalSection(ProjectConfigurationPlatforms) = postSolution
		{C79AFE12-62AC-47CB-AB53-9CA10EEA37F7}.Debug|Any CPU.ActiveCfg = Debug|Any CPU
		{C79AFE12-62AC-47CB-AB53-9CA10EEA37F7}.Debug|Any CPU.Build.0 = Debug|Any CPU
		{C79AFE12-62AC-47CB-AB53-9CA10EEA37F7}.Release|Any CPU.ActiveCfg = Release|Any CPU
		{C79AFE12-62AC-47CB-AB53-9CA10EEA37F7}.Release|Any CPU.Build.0 = Release|Any CPU
		{E4E3218D-F46D-4E42-8C27-C919208768B7}.Debug|Any CPU.ActiveCfg = Debug|Any CPU
		{E4E3218D-F46D-4E42-8C27-C919208768B7}.Debug|Any CPU.Build.0 = Debug|Any CPU
		{E4E3218D-F46D-4E42-8C27-C919208768B7}.Release|Any CPU.ActiveCfg = Release|Any CPU
		{E4E3218D-F46D-4E42-8C27-C919208768B7}.Release|Any CPU.Build.0 = Release|Any CPU
		{4C3AC9BD-8B34-41BA-A688-24FEAAC62D33}.Debug|Any CPU.ActiveCfg = Debug|Any CPU
		{4C3AC9BD-8B34-41BA-A688-24FEAAC62D33}.Debug|Any CPU.Build.0 = Debug|Any CPU
		{4C3AC9BD-8B34-41BA-A688-24FEAAC62D33}.Release|Any CPU.ActiveCfg = Release|Any CPU
		{4C3AC9BD-8B34-41BA-A688-24FEAAC62D33}.Release|Any CPU.Build.0 = Release|Any CPU
		{94F5531A-5824-4566-AD59-39FFB8A97EA9}.Debug|Any CPU.ActiveCfg = Debug|Any CPU
		{94F5531A-5824-4566-AD59-39FFB8A97EA9}.Debug|Any CPU.Build.0 = Debug|Any CPU
		{94F5531A-5824-4566-AD59-39FFB8A97EA9}.Release|Any CPU.ActiveCfg = Release|Any CPU
		{94F5531A-5824-4566-AD59-39FFB8A97EA9}.Release|Any CPU.Build.0 = Release|Any CPU
		{6EE486FF-E855-46D0-88E7-5A28FCB82E8B}.Debug|Any CPU.ActiveCfg = Debug|Any CPU
		{6EE486FF-E855-46D0-88E7-5A28FCB82E8B}.Debug|Any CPU.Build.0 = Debug|Any CPU
		{6EE486FF-E855-46D0-88E7-5A28FCB82E8B}.Release|Any CPU.ActiveCfg = Release|Any CPU
		{6EE486FF-E855-46D0-88E7-5A28FCB82E8B}.Release|Any CPU.Build.0 = Release|Any CPU
		{047E5E95-1BA2-41DE-980C-F0895DED4882}.Debug|Any CPU.ActiveCfg = Debug|Any CPU
		{047E5E95-1BA2-41DE-980C-F0895DED4882}.Debug|Any CPU.Build.0 = Debug|Any CPU
		{047E5E95-1BA2-41DE-980C-F0895DED4882}.Release|Any CPU.ActiveCfg = Release|Any CPU
		{047E5E95-1BA2-41DE-980C-F0895DED4882}.Release|Any CPU.Build.0 = Release|Any CPU
		{E6343F7C-92BA-4CE7-8AE1-318B8CC3BE63}.Debug|Any CPU.ActiveCfg = Debug|Any CPU
		{E6343F7C-92BA-4CE7-8AE1-318B8CC3BE63}.Debug|Any CPU.Build.0 = Debug|Any CPU
		{E6343F7C-92BA-4CE7-8AE1-318B8CC3BE63}.Release|Any CPU.ActiveCfg = Release|Any CPU
		{E6343F7C-92BA-4CE7-8AE1-318B8CC3BE63}.Release|Any CPU.Build.0 = Release|Any CPU
		{2387E66C-BC1E-4912-8DB4-5A90DE4FF8E7}.Debug|Any CPU.ActiveCfg = Debug|Any CPU
		{2387E66C-BC1E-4912-8DB4-5A90DE4FF8E7}.Debug|Any CPU.Build.0 = Debug|Any CPU
		{2387E66C-BC1E-4912-8DB4-5A90DE4FF8E7}.Release|Any CPU.ActiveCfg = Release|Any CPU
		{2387E66C-BC1E-4912-8DB4-5A90DE4FF8E7}.Release|Any CPU.Build.0 = Release|Any CPU
		{E0CD80A2-C3F6-42F4-9C3A-FEC5B3362E6F}.Debug|Any CPU.ActiveCfg = Debug|Any CPU
		{E0CD80A2-C3F6-42F4-9C3A-FEC5B3362E6F}.Debug|Any CPU.Build.0 = Debug|Any CPU
		{E0CD80A2-C3F6-42F4-9C3A-FEC5B3362E6F}.Release|Any CPU.ActiveCfg = Release|Any CPU
		{E0CD80A2-C3F6-42F4-9C3A-FEC5B3362E6F}.Release|Any CPU.Build.0 = Release|Any CPU
	EndGlobalSection
	GlobalSection(SolutionProperties) = preSolution
		HideSolutionNode = FALSE
	EndGlobalSection
	GlobalSection(ExtensibilityGlobals) = postSolution
		SolutionGuid = {85EE6F97-93ED-4D77-884D-3655F2828A09}
	EndGlobalSection
EndGlobal
