
Microsoft Visual Studio Solution File, Format Version 12.00
# Visual Studio Version 17
VisualStudioVersion = 17.10.35230.96
MinimumVisualStudioVersion = 10.0.40219.1
Project("{9A19103F-16F7-4668-BE54-9A1E7A4F7556}") = "01.NumbersEndingIn7", "01.NumbersEndingIn7\01.NumbersEndingIn7.csproj", "{42CE37E5-A432-4DA5-B559-C1EF2EAFD801}"
EndProject
Project("{9A19103F-16F7-4668-BE54-9A1E7A4F7556}") = "02. HalfSumElement", "02. HalfSumElement\02. HalfSumElement.csproj", "{CC9F229A-D35C-48E3-B4BE-21FBF7E9CB9B}"
EndProject
Project("{9A19103F-16F7-4668-BE54-9A1E7A4F7556}") = "01.NumbersEndingIn701", "01.NumbersEndingIn701\01.NumbersEndingIn701.csproj", "{09FDAB48-AA2D-4AA8-9776-5B5E47CF6341}"
EndProject
Project("{9A19103F-16F7-4668-BE54-9A1E7A4F7556}") = "03. Histogram", "03. Histogram\03. Histogram.csproj", "{2B4FBFA2-5F7D-4984-83C0-8412EDC71C59}"
EndProject
Project("{FAE04EC0-301F-11D3-BF4B-00C04F79EFBC}") = "04.CleverLily", "04.CleverLily\04.CleverLily.csproj", "{E355E034-2F31-4DFA-A670-D1B7BBF2ADE8}"
EndProject
Project("{FAE04EC0-301F-11D3-BF4B-00C04F79EFBC}") = "03.Histogram1", "05.Histogram1\03.Histogram1.csproj", "{7B58F560-4B1E-41FC-9B97-BBD7C7ACCFF9}"
EndProject
Project("{FAE04EC0-301F-11D3-BF4B-00C04F79EFBC}") = "05. Salary", "05. Salary\05. Salary.csproj", "{7E9BD669-3C17-4496-BC53-F708E14D9C69}"
EndProject
Project("{FAE04EC0-301F-11D3-BF4B-00C04F79EFBC}") = "06. Oscars", "06. Oscars\06. Oscars.csproj", "{D91D5B15-AC29-446A-A9D8-A99BA779EC8F}"
EndProject
Project("{FAE04EC0-301F-11D3-BF4B-00C04F79EFBC}") = "07. TrekkingMania", "07. TrekkingMania\07. TrekkingMania.csproj", "{180203A7-1A5C-439C-AD0C-23DFB42705C1}"
EndProject
Project("{FAE04EC0-301F-11D3-BF4B-00C04F79EFBC}") = "08. TennisRanklist", "08. Tennis Ranklist\08. TennisRanklist.csproj", "{6ED255AF-9384-4D0C-9B51-F9B2CF30B6B5}"
EndProject
Global
	GlobalSection(SolutionConfigurationPlatforms) = preSolution
		Debug|Any CPU = Debug|Any CPU
		Release|Any CPU = Release|Any CPU
	EndGlobalSection
	GlobalSection(ProjectConfigurationPlatforms) = postSolution
		{42CE37E5-A432-4DA5-B559-C1EF2EAFD801}.Debug|Any CPU.ActiveCfg = Debug|Any CPU
		{42CE37E5-A432-4DA5-B559-C1EF2EAFD801}.Debug|Any CPU.Build.0 = Debug|Any CPU
		{42CE37E5-A432-4DA5-B559-C1EF2EAFD801}.Release|Any CPU.ActiveCfg = Release|Any CPU
		{42CE37E5-A432-4DA5-B559-C1EF2EAFD801}.Release|Any CPU.Build.0 = Release|Any CPU
		{CC9F229A-D35C-48E3-B4BE-21FBF7E9CB9B}.Debug|Any CPU.ActiveCfg = Debug|Any CPU
		{CC9F229A-D35C-48E3-B4BE-21FBF7E9CB9B}.Debug|Any CPU.Build.0 = Debug|Any CPU
		{CC9F229A-D35C-48E3-B4BE-21FBF7E9CB9B}.Release|Any CPU.ActiveCfg = Release|Any CPU
		{CC9F229A-D35C-48E3-B4BE-21FBF7E9CB9B}.Release|Any CPU.Build.0 = Release|Any CPU
		{09FDAB48-AA2D-4AA8-9776-5B5E47CF6341}.Debug|Any CPU.ActiveCfg = Debug|Any CPU
		{09FDAB48-AA2D-4AA8-9776-5B5E47CF6341}.Debug|Any CPU.Build.0 = Debug|Any CPU
		{09FDAB48-AA2D-4AA8-9776-5B5E47CF6341}.Release|Any CPU.ActiveCfg = Release|Any CPU
		{09FDAB48-AA2D-4AA8-9776-5B5E47CF6341}.Release|Any CPU.Build.0 = Release|Any CPU
		{2B4FBFA2-5F7D-4984-83C0-8412EDC71C59}.Debug|Any CPU.ActiveCfg = Debug|Any CPU
		{2B4FBFA2-5F7D-4984-83C0-8412EDC71C59}.Debug|Any CPU.Build.0 = Debug|Any CPU
		{2B4FBFA2-5F7D-4984-83C0-8412EDC71C59}.Release|Any CPU.ActiveCfg = Release|Any CPU
		{2B4FBFA2-5F7D-4984-83C0-8412EDC71C59}.Release|Any CPU.Build.0 = Release|Any CPU
		{E355E034-2F31-4DFA-A670-D1B7BBF2ADE8}.Debug|Any CPU.ActiveCfg = Debug|Any CPU
		{E355E034-2F31-4DFA-A670-D1B7BBF2ADE8}.Debug|Any CPU.Build.0 = Debug|Any CPU
		{E355E034-2F31-4DFA-A670-D1B7BBF2ADE8}.Release|Any CPU.ActiveCfg = Release|Any CPU
		{E355E034-2F31-4DFA-A670-D1B7BBF2ADE8}.Release|Any CPU.Build.0 = Release|Any CPU
		{7B58F560-4B1E-41FC-9B97-BBD7C7ACCFF9}.Debug|Any CPU.ActiveCfg = Debug|Any CPU
		{7B58F560-4B1E-41FC-9B97-BBD7C7ACCFF9}.Debug|Any CPU.Build.0 = Debug|Any CPU
		{7B58F560-4B1E-41FC-9B97-BBD7C7ACCFF9}.Release|Any CPU.ActiveCfg = Release|Any CPU
		{7B58F560-4B1E-41FC-9B97-BBD7C7ACCFF9}.Release|Any CPU.Build.0 = Release|Any CPU
		{7E9BD669-3C17-4496-BC53-F708E14D9C69}.Debug|Any CPU.ActiveCfg = Debug|Any CPU
		{7E9BD669-3C17-4496-BC53-F708E14D9C69}.Debug|Any CPU.Build.0 = Debug|Any CPU
		{7E9BD669-3C17-4496-BC53-F708E14D9C69}.Release|Any CPU.ActiveCfg = Release|Any CPU
		{7E9BD669-3C17-4496-BC53-F708E14D9C69}.Release|Any CPU.Build.0 = Release|Any CPU
		{D91D5B15-AC29-446A-A9D8-A99BA779EC8F}.Debug|Any CPU.ActiveCfg = Debug|Any CPU
		{D91D5B15-AC29-446A-A9D8-A99BA779EC8F}.Debug|Any CPU.Build.0 = Debug|Any CPU
		{D91D5B15-AC29-446A-A9D8-A99BA779EC8F}.Release|Any CPU.ActiveCfg = Release|Any CPU
		{D91D5B15-AC29-446A-A9D8-A99BA779EC8F}.Release|Any CPU.Build.0 = Release|Any CPU
		{180203A7-1A5C-439C-AD0C-23DFB42705C1}.Debug|Any CPU.ActiveCfg = Debug|Any CPU
		{180203A7-1A5C-439C-AD0C-23DFB42705C1}.Debug|Any CPU.Build.0 = Debug|Any CPU
		{180203A7-1A5C-439C-AD0C-23DFB42705C1}.Release|Any CPU.ActiveCfg = Release|Any CPU
		{180203A7-1A5C-439C-AD0C-23DFB42705C1}.Release|Any CPU.Build.0 = Release|Any CPU
		{6ED255AF-9384-4D0C-9B51-F9B2CF30B6B5}.Debug|Any CPU.ActiveCfg = Debug|Any CPU
		{6ED255AF-9384-4D0C-9B51-F9B2CF30B6B5}.Debug|Any CPU.Build.0 = Debug|Any CPU
		{6ED255AF-9384-4D0C-9B51-F9B2CF30B6B5}.Release|Any CPU.ActiveCfg = Release|Any CPU
		{6ED255AF-9384-4D0C-9B51-F9B2CF30B6B5}.Release|Any CPU.Build.0 = Release|Any CPU
	EndGlobalSection
	GlobalSection(SolutionProperties) = preSolution
		HideSolutionNode = FALSE
	EndGlobalSection
	GlobalSection(ExtensibilityGlobals) = postSolution
		SolutionGuid = {42DFCACD-3515-4140-B084-212CC8AD021E}
	EndGlobalSection
EndGlobal
